<Solution>
  <Folder Name="/src/">
    <Project Path="src/BuildingBlocks.Application/BuildingBlocks.Application.csproj" />
    <Project Path="src/BuildingBlocks.Domain/BuildingBlocks.Domain.csproj" />
  </Folder>
  <Folder Name="/tests/">
    <Project Path="tests/BuildingBlocks.Application.Tests/BuildingBlocks.Application.Tests.csproj" />
    <Project Path="tests/BuildingBlocks.Domain.Tests/BuildingBlocks.Domain.Tests.csproj" />
  </Folder>
</Solution>
